{
  "version": 4,
  "terraform_version": "1.7.4",
  "serial": 18,
  "lineage": "24c2fa66-a064-7d1e-ed75-6b6dd840a9a0",
  "outputs": {},
  "resources": [
    {
      "mode": "managed",
      "type": "azurerm_postgresql_database",
      "name": "projet-postgres-db",
      "provider": "provider[\"registry.terraform.io/hashicorp/azurerm\"]",
      "instances": [
        {
          "schema_version": 1,
          "attributes": {
            "charset": "UTF8",
            "collation": "English_United States.1252",
            "id": "/subscriptions/111aaa69-41b9-4dfd-b6af-2ada039dd1ae/resourceGroups/projet-ok-prod-rg/providers/Microsoft.DBforPostgreSQL/servers/projet-ok-prod-postgres/databases/projet-ok-prod-database",
            "name": "projet-ok-prod-database",
            "resource_group_name": "projet-ok-prod-rg",
            "server_name": "projet-ok-prod-postgres",
            "timeouts": null
          },
          "sensitive_attributes": [],
          "private": "eyJlMmJmYjczMC1lY2FhLTExZTYtOGY4OC0zNDM2M2JjN2M0YzAiOnsiY3JlYXRlIjozNjAwMDAwMDAwMDAwLCJkZWxldGUiOjM2MDAwMDAwMDAwMDAsInJlYWQiOjMwMDAwMDAwMDAwMH0sInNjaGVtYV92ZXJzaW9uIjoiMSJ9",
          "dependencies": [
            "azurerm_postgresql_server.projet-postgres",
            "azurerm_resource_group.projet-rg"
          ]
        }
      ]
    },
    {
      "mode": "managed",
      "type": "azurerm_postgresql_server",
      "name": "projet-postgres",
      "provider": "provider[\"registry.terraform.io/hashicorp/azurerm\"]",
      "instances": [
        {
          "schema_version": 1,
          "attributes": {
            "administrator_login": "adminuser",
            "administrator_login_password": "yourStrongPassword123!",
            "auto_grow_enabled": false,
            "backup_retention_days": 7,
            "create_mode": "Default",
            "creation_source_server_id": null,
            "fqdn": "projet-ok-prod-postgres.postgres.database.azure.com",
            "geo_redundant_backup_enabled": false,
            "id": "/subscriptions/111aaa69-41b9-4dfd-b6af-2ada039dd1ae/resourceGroups/projet-ok-prod-rg/providers/Microsoft.DBforPostgreSQL/servers/projet-ok-prod-postgres",
            "identity": [],
            "infrastructure_encryption_enabled": false,
            "location": "francecentral",
            "name": "projet-ok-prod-postgres",
            "public_network_access_enabled": false,
            "resource_group_name": "projet-ok-prod-rg",
            "restore_point_in_time": null,
            "sku_name": "GP_Gen5_2",
            "ssl_enforcement_enabled": true,
            "ssl_minimal_tls_version_enforced": "TLS1_2",
            "storage_mb": 5120,
            "tags": null,
            "threat_detection_policy": [],
            "timeouts": null,
            "version": "11"
          },
          "sensitive_attributes": [],
          "private": "eyJlMmJmYjczMC1lY2FhLTExZTYtOGY4OC0zNDM2M2JjN2M0YzAiOnsiY3JlYXRlIjozNjAwMDAwMDAwMDAwLCJkZWxldGUiOjM2MDAwMDAwMDAwMDAsInJlYWQiOjMwMDAwMDAwMDAwMCwidXBkYXRlIjozNjAwMDAwMDAwMDAwfSwic2NoZW1hX3ZlcnNpb24iOiIxIn0=",
          "dependencies": [
            "azurerm_resource_group.projet-rg"
          ]
        }
      ]
    },
    {
      "mode": "managed",
      "type": "azurerm_resource_group",
      "name": "projet-rg",
      "provider": "provider[\"registry.terraform.io/hashicorp/azurerm\"]",
      "instances": [
        {
          "schema_version": 0,
          "attributes": {
            "id": "/subscriptions/111aaa69-41b9-4dfd-b6af-2ada039dd1ae/resourceGroups/projet-ok-prod-rg",
            "location": "francecentral",
            "managed_by": "",
            "name": "projet-ok-prod-rg",
            "tags": null,
            "timeouts": null
          },
          "sensitive_attributes": [],
          "private": "eyJlMmJmYjczMC1lY2FhLTExZTYtOGY4OC0zNDM2M2JjN2M0YzAiOnsiY3JlYXRlIjo1NDAwMDAwMDAwMDAwLCJkZWxldGUiOjU0MDAwMDAwMDAwMDAsInJlYWQiOjMwMDAwMDAwMDAwMCwidXBkYXRlIjo1NDAwMDAwMDAwMDAwfX0="
        }
      ]
    }
  ],
  "check_results": null
}
